
Microsoft Visual Studio Solution File, Format Version 12.00
# Visual Studio Version 17
VisualStudioVersion = 17.13.35825.156 d17.13
MinimumVisualStudioVersion = 10.0.40219.1
Project("{FAE04EC0-301F-11D3-BF4B-00C04F79EFBC}") = "BasicFT", "BasicFT\BasicFT.csproj", "{3E78B870-4092-4BA0-B117-64DF8D2E1FFF}"
EndProject
Global
	GlobalSection(SolutionConfigurationPlatforms) = preSolution
		Debug|Any CPU = Debug|Any CPU
		Release|Any CPU = Release|Any CPU
	EndGlobalSection
	GlobalSection(ProjectConfigurationPlatforms) = postSolution
		{3E78B870-4092-4BA0-B117-64DF8D2E1FFF}.Debug|Any CPU.ActiveCfg = Debug|Any CPU
		{3E78B870-4092-4BA0-B117-64DF8D2E1FFF}.Debug|Any CPU.Build.0 = Debug|Any CPU
		{3E78B870-4092-4BA0-B117-64DF8D2E1FFF}.Release|Any CPU.ActiveCfg = Release|Any CPU
		{3E78B870-4092-4BA0-B117-64DF8D2E1FFF}.Release|Any CPU.Build.0 = Release|Any CPU
	EndGlobalSection
	GlobalSection(SolutionProperties) = preSolution
		HideSolutionNode = FALSE
	EndGlobalSection
	GlobalSection(ExtensibilityGlobals) = postSolution
		SolutionGuid = {EE520AA9-978E-442C-9A7C-36473B84911C}
	EndGlobalSection
EndGlobal
